
Microsoft Visual Studio Solution File, Format Version 12.00
# Visual Studio 15
VisualStudioVersion = 15.0.27130.2020
MinimumVisualStudioVersion = 10.0.40219.1
Project("{8BC9CEB8-8B4A-11D0-8D11-00A0C91BC942}") = "FileSharingApp", "FileSharingApp\FileSharingApp.vcxproj", "{FDA59E4D-1E31-43AE-BB54-D3806F202AFF}"
EndProject
Global
	GlobalSection(SolutionConfigurationPlatforms) = preSolution
		Debug|x64 = Debug|x64
		Debug|x86 = Debug|x86
		Release|x64 = Release|x64
		Release|x86 = Release|x86
	EndGlobalSection
	GlobalSection(ProjectConfigurationPlatforms) = postSolution
		{FDA59E4D-1E31-43AE-BB54-D3806F202AFF}.Debug|x64.ActiveCfg = Debug|x64
		{FDA59E4D-1E31-43AE-BB54-D3806F202AFF}.Debug|x64.Build.0 = Debug|x64
		{FDA59E4D-1E31-43AE-BB54-D3806F202AFF}.Debug|x86.ActiveCfg = Debug|Win32
		{FDA59E4D-1E31-43AE-BB54-D3806F202AFF}.Debug|x86.Build.0 = Debug|Win32
		{FDA59E4D-1E31-43AE-BB54-D3806F202AFF}.Release|x64.ActiveCfg = Release|x64
		{FDA59E4D-1E31-43AE-BB54-D3806F202AFF}.Release|x64.Build.0 = Release|x64
		{FDA59E4D-1E31-43AE-BB54-D3806F202AFF}.Release|x86.ActiveCfg = Release|Win32
		{FDA59E4D-1E31-43AE-BB54-D3806F202AFF}.Release|x86.Build.0 = Release|Win32
	EndGlobalSection
	GlobalSection(SolutionProperties) = preSolution
		HideSolutionNode = FALSE
	EndGlobalSection
	GlobalSection(ExtensibilityGlobals) = postSolution
		SolutionGuid = {34C3E9FC-23C9-4BFA-9C79-53C2C6042156}
	EndGlobalSection
EndGlobal
